
Microsoft Visual Studio Solution File, Format Version 12.00
# Visual Studio Version 17
VisualStudioVersion = 17.9.34622.214
MinimumVisualStudioVersion = 10.0.40219.1
Project("{9A19103F-16F7-4668-BE54-9A1E7A4F7556}") = "ShortTools.General", "ShortTools\ShortTools.General.csproj", "{EB9F3749-9D92-4C39-A377-BA6656BB2785}"
EndProject
Project("{9A19103F-16F7-4668-BE54-9A1E7A4F7556}") = "ShortTools.SDL", "ShortTools.SDL\ShortTools.SDL.csproj", "{BFEA40EE-6CCC-48EE-9D36-DE5D6DA032F5}"
EndProject
Project("{FAE04EC0-301F-11D3-BF4B-00C04F79EFBC}") = "ShortTools.Simulations", "ShortTools.Simulations\ShortTools.Simulations.csproj", "{EC5AF099-5A42-499C-A197-582558D1FACF}"
EndProject
Project("{FAE04EC0-301F-11D3-BF4B-00C04F79EFBC}") = "ShortTools.AStar", "ShortTools.AStar\ShortTools.AStar.csproj", "{0CD69CB3-8CF6-4BAE-A81A-0C807BCD9426}"
EndProject
Global
	GlobalSection(SolutionConfigurationPlatforms) = preSolution
		Debug|Any CPU = Debug|Any CPU
		Release|Any CPU = Release|Any CPU
	EndGlobalSection
	GlobalSection(ProjectConfigurationPlatforms) = postSolution
		{EB9F3749-9D92-4C39-A377-BA6656BB2785}.Debug|Any CPU.ActiveCfg = Debug|Any CPU
		{EB9F3749-9D92-4C39-A377-BA6656BB2785}.Debug|Any CPU.Build.0 = Debug|Any CPU
		{EB9F3749-9D92-4C39-A377-BA6656BB2785}.Release|Any CPU.ActiveCfg = Release|Any CPU
		{EB9F3749-9D92-4C39-A377-BA6656BB2785}.Release|Any CPU.Build.0 = Release|Any CPU
		{BFEA40EE-6CCC-48EE-9D36-DE5D6DA032F5}.Debug|Any CPU.ActiveCfg = Debug|Any CPU
		{BFEA40EE-6CCC-48EE-9D36-DE5D6DA032F5}.Debug|Any CPU.Build.0 = Debug|Any CPU
		{BFEA40EE-6CCC-48EE-9D36-DE5D6DA032F5}.Release|Any CPU.ActiveCfg = Release|Any CPU
		{BFEA40EE-6CCC-48EE-9D36-DE5D6DA032F5}.Release|Any CPU.Build.0 = Release|Any CPU
		{EC5AF099-5A42-499C-A197-582558D1FACF}.Debug|Any CPU.ActiveCfg = Debug|Any CPU
		{EC5AF099-5A42-499C-A197-582558D1FACF}.Debug|Any CPU.Build.0 = Debug|Any CPU
		{EC5AF099-5A42-499C-A197-582558D1FACF}.Release|Any CPU.ActiveCfg = Release|Any CPU
		{EC5AF099-5A42-499C-A197-582558D1FACF}.Release|Any CPU.Build.0 = Release|Any CPU
		{0CD69CB3-8CF6-4BAE-A81A-0C807BCD9426}.Debug|Any CPU.ActiveCfg = Debug|Any CPU
		{0CD69CB3-8CF6-4BAE-A81A-0C807BCD9426}.Debug|Any CPU.Build.0 = Debug|Any CPU
		{0CD69CB3-8CF6-4BAE-A81A-0C807BCD9426}.Release|Any CPU.ActiveCfg = Release|Any CPU
		{0CD69CB3-8CF6-4BAE-A81A-0C807BCD9426}.Release|Any CPU.Build.0 = Release|Any CPU
	EndGlobalSection
	GlobalSection(SolutionProperties) = preSolution
		HideSolutionNode = FALSE
	EndGlobalSection
	GlobalSection(ExtensibilityGlobals) = postSolution
		SolutionGuid = {4C8B77D8-5D79-4C2A-AEDD-E1077B78E37F}
	EndGlobalSection
EndGlobal
